
Microsoft Visual Studio Solution File, Format Version 12.00
# Visual Studio 15
VisualStudioVersion = 15.0.27703.2047
MinimumVisualStudioVersion = 10.0.40219.1
Project("{8BC9CEB8-8B4A-11D0-8D11-00A0C91BC942}") = "PP01.HelloSDL", "PP01.HelloSDL\PP01.HelloSDL.vcxproj", "{BCF10F55-E45D-4251-8FD8-F4B6A0D356EF}"
EndProject
Project("{8BC9CEB8-8B4A-11D0-8D11-00A0C91BC942}") = "PP02.BreakUpHelloSDL", "PP02.BreakUpHelloSDL\PP02.BreakUpHelloSDL.vcxproj", "{61874ADF-6A8F-470F-97B0-41347CAAC26C}"
EndProject
Project("{8BC9CEB8-8B4A-11D0-8D11-00A0C91BC942}") = "PP03.GameClass", "PP03.GameClass\PP03.GameClass.vcxproj", "{BB52A9EF-B0A1-4C5D-9612-39ABD8C4B48E}"
EndProject
Project("{8BC9CEB8-8B4A-11D0-8D11-00A0C91BC942}") = "PP04.BasicDrawing", "PP04.BasicDrawing\PP04.BasicDrawing.vcxproj", "{FC01BABC-1A30-4B73-8A3B-83561F1833CB}"
EndProject
Project("{8BC9CEB8-8B4A-11D0-8D11-00A0C91BC942}") = "PP05.Animating Sprite", "PP05.Animating Sprite\PP05.Animating Sprite.vcxproj", "{43F3ACD2-5FB5-4329-B99D-E85A9E0BF470}"
EndProject
Project("{8BC9CEB8-8B4A-11D0-8D11-00A0C91BC942}") = "PP06.ImageSprite", "PP06.ImageSprite\PP06.ImageSprite.vcxproj", "{423B7E31-F368-4F6C-A40D-C4879DBC4DAF}"
EndProject
Project("{8BC9CEB8-8B4A-11D0-8D11-00A0C91BC942}") = "PP07.TextureManager", "PP07.TextureManager\PP07.TextureManager.vcxproj", "{259F9443-28AA-4B6A-8569-B0E58044E48F}"
EndProject
Project("{8BC9CEB8-8B4A-11D0-8D11-00A0C91BC942}") = "PP08.SingletonTM", "PP08.SingletonTM\PP08.SingletonTM.vcxproj", "{8A599690-E030-4B80-ADDF-486A46ABFCEB}"
EndProject
Project("{8BC9CEB8-8B4A-11D0-8D11-00A0C91BC942}") = "PP09.Inheritance", "PP09.Inheritance\PP09.Inheritance.vcxproj", "{029A70C7-E4DB-4E6A-8280-F5612EE19179}"
EndProject
Project("{8BC9CEB8-8B4A-11D0-8D11-00A0C91BC942}") = "PP10.Polymorphism", "PP10.Polymorphism\PP10.Polymorphism.vcxproj", "{8E50CCCF-94ED-4C14-8DE2-4413BBAFDE4D}"
EndProject
Project("{8BC9CEB8-8B4A-11D0-8D11-00A0C91BC942}") = "PP11.AbstractClass", "PP11.AbstractClass\PP11.AbstractClass.vcxproj", "{F2593123-8177-43DC-9515-504F35C94217}"
EndProject
Project("{8BC9CEB8-8B4A-11D0-8D11-00A0C91BC942}") = "PP12.Vector2D", "PP12.Vector2D\PP12.Vector2D.vcxproj", "{F0426D9F-99BF-4D29-AFE2-37F2D6988FC0}"
EndProject
Project("{8BC9CEB8-8B4A-11D0-8D11-00A0C91BC942}") = "PP13.KInputHandler", "PP13.KInputHandler\PP13.KInputHandler.vcxproj", "{D8B75A22-885B-48EF-BCEA-F38D24770D96}"
EndProject
Project("{8BC9CEB8-8B4A-11D0-8D11-00A0C91BC942}") = "PP14.MInputHandler", "PP14.MInputHandler\PP14.MInputHandler.vcxproj", "{7CDD191B-7EAF-4CB2-98BB-785793A04049}"
EndProject
Project("{8BC9CEB8-8B4A-11D0-8D11-00A0C91BC942}") = "PP15.FSM", "PP15.FSM\PP15.FSM.vcxproj", "{7FE80BE5-45C8-47C5-95F6-81763100F560}"
EndProject
Project("{8BC9CEB8-8B4A-11D0-8D11-00A0C91BC942}") = "PP16.MenuState", "PP16.MenuState\PP16.MenuState.vcxproj", "{CB89466B-7211-4D84-8EE8-0C6E7BF3D69B}"
EndProject
Project("{8BC9CEB8-8B4A-11D0-8D11-00A0C91BC942}") = "PP17.PlayState", "PP17.PlayState\PP17.PlayState.vcxproj", "{089505D4-1A6D-43A2-9B11-993F079259E5}"
EndProject
Global
	GlobalSection(SolutionConfigurationPlatforms) = preSolution
		Debug|x64 = Debug|x64
		Debug|x86 = Debug|x86
		Release|x64 = Release|x64
		Release|x86 = Release|x86
	EndGlobalSection
	GlobalSection(ProjectConfigurationPlatforms) = postSolution
		{BCF10F55-E45D-4251-8FD8-F4B6A0D356EF}.Debug|x64.ActiveCfg = Debug|x64
		{BCF10F55-E45D-4251-8FD8-F4B6A0D356EF}.Debug|x64.Build.0 = Debug|x64
		{BCF10F55-E45D-4251-8FD8-F4B6A0D356EF}.Debug|x86.ActiveCfg = Debug|Win32
		{BCF10F55-E45D-4251-8FD8-F4B6A0D356EF}.Debug|x86.Build.0 = Debug|Win32
		{BCF10F55-E45D-4251-8FD8-F4B6A0D356EF}.Release|x64.ActiveCfg = Release|x64
		{BCF10F55-E45D-4251-8FD8-F4B6A0D356EF}.Release|x64.Build.0 = Release|x64
		{BCF10F55-E45D-4251-8FD8-F4B6A0D356EF}.Release|x86.ActiveCfg = Release|Win32
		{BCF10F55-E45D-4251-8FD8-F4B6A0D356EF}.Release|x86.Build.0 = Release|Win32
		{61874ADF-6A8F-470F-97B0-41347CAAC26C}.Debug|x64.ActiveCfg = Debug|x64
		{61874ADF-6A8F-470F-97B0-41347CAAC26C}.Debug|x64.Build.0 = Debug|x64
		{61874ADF-6A8F-470F-97B0-41347CAAC26C}.Debug|x86.ActiveCfg = Debug|Win32
		{61874ADF-6A8F-470F-97B0-41347CAAC26C}.Debug|x86.Build.0 = Debug|Win32
		{61874ADF-6A8F-470F-97B0-41347CAAC26C}.Release|x64.ActiveCfg = Release|x64
		{61874ADF-6A8F-470F-97B0-41347CAAC26C}.Release|x64.Build.0 = Release|x64
		{61874ADF-6A8F-470F-97B0-41347CAAC26C}.Release|x86.ActiveCfg = Release|Win32
		{61874ADF-6A8F-470F-97B0-41347CAAC26C}.Release|x86.Build.0 = Release|Win32
		{BB52A9EF-B0A1-4C5D-9612-39ABD8C4B48E}.Debug|x64.ActiveCfg = Debug|x64
		{BB52A9EF-B0A1-4C5D-9612-39ABD8C4B48E}.Debug|x64.Build.0 = Debug|x64
		{BB52A9EF-B0A1-4C5D-9612-39ABD8C4B48E}.Debug|x86.ActiveCfg = Debug|Win32
		{BB52A9EF-B0A1-4C5D-9612-39ABD8C4B48E}.Debug|x86.Build.0 = Debug|Win32
		{BB52A9EF-B0A1-4C5D-9612-39ABD8C4B48E}.Release|x64.ActiveCfg = Release|x64
		{BB52A9EF-B0A1-4C5D-9612-39ABD8C4B48E}.Release|x64.Build.0 = Release|x64
		{BB52A9EF-B0A1-4C5D-9612-39ABD8C4B48E}.Release|x86.ActiveCfg = Release|Win32
		{BB52A9EF-B0A1-4C5D-9612-39ABD8C4B48E}.Release|x86.Build.0 = Release|Win32
		{FC01BABC-1A30-4B73-8A3B-83561F1833CB}.Debug|x64.ActiveCfg = Debug|x64
		{FC01BABC-1A30-4B73-8A3B-83561F1833CB}.Debug|x64.Build.0 = Debug|x64
		{FC01BABC-1A30-4B73-8A3B-83561F1833CB}.Debug|x86.ActiveCfg = Debug|Win32
		{FC01BABC-1A30-4B73-8A3B-83561F1833CB}.Debug|x86.Build.0 = Debug|Win32
		{FC01BABC-1A30-4B73-8A3B-83561F1833CB}.Release|x64.ActiveCfg = Release|x64
		{FC01BABC-1A30-4B73-8A3B-83561F1833CB}.Release|x64.Build.0 = Release|x64
		{FC01BABC-1A30-4B73-8A3B-83561F1833CB}.Release|x86.ActiveCfg = Release|Win32
		{FC01BABC-1A30-4B73-8A3B-83561F1833CB}.Release|x86.Build.0 = Release|Win32
		{43F3ACD2-5FB5-4329-B99D-E85A9E0BF470}.Debug|x64.ActiveCfg = Debug|x64
		{43F3ACD2-5FB5-4329-B99D-E85A9E0BF470}.Debug|x64.Build.0 = Debug|x64
		{43F3ACD2-5FB5-4329-B99D-E85A9E0BF470}.Debug|x86.ActiveCfg = Debug|Win32
		{43F3ACD2-5FB5-4329-B99D-E85A9E0BF470}.Debug|x86.Build.0 = Debug|Win32
		{43F3ACD2-5FB5-4329-B99D-E85A9E0BF470}.Release|x64.ActiveCfg = Release|x64
		{43F3ACD2-5FB5-4329-B99D-E85A9E0BF470}.Release|x64.Build.0 = Release|x64
		{43F3ACD2-5FB5-4329-B99D-E85A9E0BF470}.Release|x86.ActiveCfg = Release|Win32
		{43F3ACD2-5FB5-4329-B99D-E85A9E0BF470}.Release|x86.Build.0 = Release|Win32
		{423B7E31-F368-4F6C-A40D-C4879DBC4DAF}.Debug|x64.ActiveCfg = Debug|x64
		{423B7E31-F368-4F6C-A40D-C4879DBC4DAF}.Debug|x64.Build.0 = Debug|x64
		{423B7E31-F368-4F6C-A40D-C4879DBC4DAF}.Debug|x86.ActiveCfg = Debug|Win32
		{423B7E31-F368-4F6C-A40D-C4879DBC4DAF}.Debug|x86.Build.0 = Debug|Win32
		{423B7E31-F368-4F6C-A40D-C4879DBC4DAF}.Release|x64.ActiveCfg = Release|x64
		{423B7E31-F368-4F6C-A40D-C4879DBC4DAF}.Release|x64.Build.0 = Release|x64
		{423B7E31-F368-4F6C-A40D-C4879DBC4DAF}.Release|x86.ActiveCfg = Release|Win32
		{423B7E31-F368-4F6C-A40D-C4879DBC4DAF}.Release|x86.Build.0 = Release|Win32
		{259F9443-28AA-4B6A-8569-B0E58044E48F}.Debug|x64.ActiveCfg = Debug|x64
		{259F9443-28AA-4B6A-8569-B0E58044E48F}.Debug|x64.Build.0 = Debug|x64
		{259F9443-28AA-4B6A-8569-B0E58044E48F}.Debug|x86.ActiveCfg = Debug|Win32
		{259F9443-28AA-4B6A-8569-B0E58044E48F}.Debug|x86.Build.0 = Debug|Win32
		{259F9443-28AA-4B6A-8569-B0E58044E48F}.Release|x64.ActiveCfg = Release|x64
		{259F9443-28AA-4B6A-8569-B0E58044E48F}.Release|x64.Build.0 = Release|x64
		{259F9443-28AA-4B6A-8569-B0E58044E48F}.Release|x86.ActiveCfg = Release|Win32
		{259F9443-28AA-4B6A-8569-B0E58044E48F}.Release|x86.Build.0 = Release|Win32
		{8A599690-E030-4B80-ADDF-486A46ABFCEB}.Debug|x64.ActiveCfg = Debug|x64
		{8A599690-E030-4B80-ADDF-486A46ABFCEB}.Debug|x64.Build.0 = Debug|x64
		{8A599690-E030-4B80-ADDF-486A46ABFCEB}.Debug|x86.ActiveCfg = Debug|Win32
		{8A599690-E030-4B80-ADDF-486A46ABFCEB}.Debug|x86.Build.0 = Debug|Win32
		{8A599690-E030-4B80-ADDF-486A46ABFCEB}.Release|x64.ActiveCfg = Release|x64
		{8A599690-E030-4B80-ADDF-486A46ABFCEB}.Release|x64.Build.0 = Release|x64
		{8A599690-E030-4B80-ADDF-486A46ABFCEB}.Release|x86.ActiveCfg = Release|Win32
		{8A599690-E030-4B80-ADDF-486A46ABFCEB}.Release|x86.Build.0 = Release|Win32
		{029A70C7-E4DB-4E6A-8280-F5612EE19179}.Debug|x64.ActiveCfg = Debug|x64
		{029A70C7-E4DB-4E6A-8280-F5612EE19179}.Debug|x64.Build.0 = Debug|x64
		{029A70C7-E4DB-4E6A-8280-F5612EE19179}.Debug|x86.ActiveCfg = Debug|Win32
		{029A70C7-E4DB-4E6A-8280-F5612EE19179}.Debug|x86.Build.0 = Debug|Win32
		{029A70C7-E4DB-4E6A-8280-F5612EE19179}.Release|x64.ActiveCfg = Release|x64
		{029A70C7-E4DB-4E6A-8280-F5612EE19179}.Release|x64.Build.0 = Release|x64
		{029A70C7-E4DB-4E6A-8280-F5612EE19179}.Release|x86.ActiveCfg = Release|Win32
		{029A70C7-E4DB-4E6A-8280-F5612EE19179}.Release|x86.Build.0 = Release|Win32
		{8E50CCCF-94ED-4C14-8DE2-4413BBAFDE4D}.Debug|x64.ActiveCfg = Debug|x64
		{8E50CCCF-94ED-4C14-8DE2-4413BBAFDE4D}.Debug|x64.Build.0 = Debug|x64
		{8E50CCCF-94ED-4C14-8DE2-4413BBAFDE4D}.Debug|x86.ActiveCfg = Debug|Win32
		{8E50CCCF-94ED-4C14-8DE2-4413BBAFDE4D}.Debug|x86.Build.0 = Debug|Win32
		{8E50CCCF-94ED-4C14-8DE2-4413BBAFDE4D}.Release|x64.ActiveCfg = Release|x64
		{8E50CCCF-94ED-4C14-8DE2-4413BBAFDE4D}.Release|x64.Build.0 = Release|x64
		{8E50CCCF-94ED-4C14-8DE2-4413BBAFDE4D}.Release|x86.ActiveCfg = Release|Win32
		{8E50CCCF-94ED-4C14-8DE2-4413BBAFDE4D}.Release|x86.Build.0 = Release|Win32
		{F2593123-8177-43DC-9515-504F35C94217}.Debug|x64.ActiveCfg = Debug|x64
		{F2593123-8177-43DC-9515-504F35C94217}.Debug|x64.Build.0 = Debug|x64
		{F2593123-8177-43DC-9515-504F35C94217}.Debug|x86.ActiveCfg = Debug|Win32
		{F2593123-8177-43DC-9515-504F35C94217}.Debug|x86.Build.0 = Debug|Win32
		{F2593123-8177-43DC-9515-504F35C94217}.Release|x64.ActiveCfg = Release|x64
		{F2593123-8177-43DC-9515-504F35C94217}.Release|x64.Build.0 = Release|x64
		{F2593123-8177-43DC-9515-504F35C94217}.Release|x86.ActiveCfg = Release|Win32
		{F2593123-8177-43DC-9515-504F35C94217}.Release|x86.Build.0 = Release|Win32
		{F0426D9F-99BF-4D29-AFE2-37F2D6988FC0}.Debug|x64.ActiveCfg = Debug|x64
		{F0426D9F-99BF-4D29-AFE2-37F2D6988FC0}.Debug|x64.Build.0 = Debug|x64
		{F0426D9F-99BF-4D29-AFE2-37F2D6988FC0}.Debug|x86.ActiveCfg = Debug|Win32
		{F0426D9F-99BF-4D29-AFE2-37F2D6988FC0}.Debug|x86.Build.0 = Debug|Win32
		{F0426D9F-99BF-4D29-AFE2-37F2D6988FC0}.Release|x64.ActiveCfg = Release|x64
		{F0426D9F-99BF-4D29-AFE2-37F2D6988FC0}.Release|x64.Build.0 = Release|x64
		{F0426D9F-99BF-4D29-AFE2-37F2D6988FC0}.Release|x86.ActiveCfg = Release|Win32
		{F0426D9F-99BF-4D29-AFE2-37F2D6988FC0}.Release|x86.Build.0 = Release|Win32
		{D8B75A22-885B-48EF-BCEA-F38D24770D96}.Debug|x64.ActiveCfg = Debug|x64
		{D8B75A22-885B-48EF-BCEA-F38D24770D96}.Debug|x64.Build.0 = Debug|x64
		{D8B75A22-885B-48EF-BCEA-F38D24770D96}.Debug|x86.ActiveCfg = Debug|Win32
		{D8B75A22-885B-48EF-BCEA-F38D24770D96}.Debug|x86.Build.0 = Debug|Win32
		{D8B75A22-885B-48EF-BCEA-F38D24770D96}.Release|x64.ActiveCfg = Release|x64
		{D8B75A22-885B-48EF-BCEA-F38D24770D96}.Release|x64.Build.0 = Release|x64
		{D8B75A22-885B-48EF-BCEA-F38D24770D96}.Release|x86.ActiveCfg = Release|Win32
		{D8B75A22-885B-48EF-BCEA-F38D24770D96}.Release|x86.Build.0 = Release|Win32
		{7CDD191B-7EAF-4CB2-98BB-785793A04049}.Debug|x64.ActiveCfg = Debug|x64
		{7CDD191B-7EAF-4CB2-98BB-785793A04049}.Debug|x64.Build.0 = Debug|x64
		{7CDD191B-7EAF-4CB2-98BB-785793A04049}.Debug|x86.ActiveCfg = Debug|Win32
		{7CDD191B-7EAF-4CB2-98BB-785793A04049}.Debug|x86.Build.0 = Debug|Win32
		{7CDD191B-7EAF-4CB2-98BB-785793A04049}.Release|x64.ActiveCfg = Release|x64
		{7CDD191B-7EAF-4CB2-98BB-785793A04049}.Release|x64.Build.0 = Release|x64
		{7CDD191B-7EAF-4CB2-98BB-785793A04049}.Release|x86.ActiveCfg = Release|Win32
		{7CDD191B-7EAF-4CB2-98BB-785793A04049}.Release|x86.Build.0 = Release|Win32
		{7FE80BE5-45C8-47C5-95F6-81763100F560}.Debug|x64.ActiveCfg = Debug|x64
		{7FE80BE5-45C8-47C5-95F6-81763100F560}.Debug|x64.Build.0 = Debug|x64
		{7FE80BE5-45C8-47C5-95F6-81763100F560}.Debug|x86.ActiveCfg = Debug|Win32
		{7FE80BE5-45C8-47C5-95F6-81763100F560}.Debug|x86.Build.0 = Debug|Win32
		{7FE80BE5-45C8-47C5-95F6-81763100F560}.Release|x64.ActiveCfg = Release|x64
		{7FE80BE5-45C8-47C5-95F6-81763100F560}.Release|x64.Build.0 = Release|x64
		{7FE80BE5-45C8-47C5-95F6-81763100F560}.Release|x86.ActiveCfg = Release|Win32
		{7FE80BE5-45C8-47C5-95F6-81763100F560}.Release|x86.Build.0 = Release|Win32
		{CB89466B-7211-4D84-8EE8-0C6E7BF3D69B}.Debug|x64.ActiveCfg = Debug|x64
		{CB89466B-7211-4D84-8EE8-0C6E7BF3D69B}.Debug|x64.Build.0 = Debug|x64
		{CB89466B-7211-4D84-8EE8-0C6E7BF3D69B}.Debug|x86.ActiveCfg = Debug|Win32
		{CB89466B-7211-4D84-8EE8-0C6E7BF3D69B}.Debug|x86.Build.0 = Debug|Win32
		{CB89466B-7211-4D84-8EE8-0C6E7BF3D69B}.Release|x64.ActiveCfg = Release|x64
		{CB89466B-7211-4D84-8EE8-0C6E7BF3D69B}.Release|x64.Build.0 = Release|x64
		{CB89466B-7211-4D84-8EE8-0C6E7BF3D69B}.Release|x86.ActiveCfg = Release|Win32
		{CB89466B-7211-4D84-8EE8-0C6E7BF3D69B}.Release|x86.Build.0 = Release|Win32
		{089505D4-1A6D-43A2-9B11-993F079259E5}.Debug|x64.ActiveCfg = Debug|x64
		{089505D4-1A6D-43A2-9B11-993F079259E5}.Debug|x64.Build.0 = Debug|x64
		{089505D4-1A6D-43A2-9B11-993F079259E5}.Debug|x86.ActiveCfg = Debug|Win32
		{089505D4-1A6D-43A2-9B11-993F079259E5}.Debug|x86.Build.0 = Debug|Win32
		{089505D4-1A6D-43A2-9B11-993F079259E5}.Release|x64.ActiveCfg = Release|x64
		{089505D4-1A6D-43A2-9B11-993F079259E5}.Release|x64.Build.0 = Release|x64
		{089505D4-1A6D-43A2-9B11-993F079259E5}.Release|x86.ActiveCfg = Release|Win32
		{089505D4-1A6D-43A2-9B11-993F079259E5}.Release|x86.Build.0 = Release|Win32
	EndGlobalSection
	GlobalSection(SolutionProperties) = preSolution
		HideSolutionNode = FALSE
	EndGlobalSection
	GlobalSection(ExtensibilityGlobals) = postSolution
		SolutionGuid = {BC8C7C16-4B4C-4AFC-855C-A4ED57A29EBB}
	EndGlobalSection
EndGlobal
